
Microsoft Visual Studio Solution File, Format Version 12.00
# Visual Studio Version 17
VisualStudioVersion = 17.14.36518.9 d17.14
MinimumVisualStudioVersion = 10.0.40219.1
Project("{FAE04EC0-301F-11D3-BF4B-00C04F79EFBC}") = "Assignment2", "Assignment2\Assignment2.csproj", "{5A1AF28B-2785-44AE-9174-E34F85F05A9D}"
EndProject
Global
	GlobalSection(SolutionConfigurationPlatforms) = preSolution
		Debug|Any CPU = Debug|Any CPU
		Release|Any CPU = Release|Any CPU
	EndGlobalSection
	GlobalSection(ProjectConfigurationPlatforms) = postSolution
		{5A1AF28B-2785-44AE-9174-E34F85F05A9D}.Debug|Any CPU.ActiveCfg = Debug|Any CPU
		{5A1AF28B-2785-44AE-9174-E34F85F05A9D}.Debug|Any CPU.Build.0 = Debug|Any CPU
		{5A1AF28B-2785-44AE-9174-E34F85F05A9D}.Release|Any CPU.ActiveCfg = Release|Any CPU
		{5A1AF28B-2785-44AE-9174-E34F85F05A9D}.Release|Any CPU.Build.0 = Release|Any CPU
	EndGlobalSection
	GlobalSection(SolutionProperties) = preSolution
		HideSolutionNode = FALSE
	EndGlobalSection
	GlobalSection(ExtensibilityGlobals) = postSolution
		SolutionGuid = {36FD5EE9-065A-469B-A284-43E97B17A05A}
	EndGlobalSection
EndGlobal
